
Microsoft Visual Studio Solution File, Format Version 12.00
# Visual Studio 15
VisualStudioVersion = 15.0.27703.2026
MinimumVisualStudioVersion = 10.0.40219.1
Project("{FAE04EC0-301F-11D3-BF4B-00C04F79EFBC}") = "NightwarpComputers", "NightwarpComputers\NightwarpComputers.csproj", "{56DC85FB-83C1-43B9-AB42-174350E1B118}"
EndProject
Global
	GlobalSection(SolutionConfigurationPlatforms) = preSolution
		Debug|Any CPU = Debug|Any CPU
		Release|Any CPU = Release|Any CPU
	EndGlobalSection
	GlobalSection(ProjectConfigurationPlatforms) = postSolution
		{56DC85FB-83C1-43B9-AB42-174350E1B118}.Debug|Any CPU.ActiveCfg = Debug|Any CPU
		{56DC85FB-83C1-43B9-AB42-174350E1B118}.Debug|Any CPU.Build.0 = Debug|Any CPU
		{56DC85FB-83C1-43B9-AB42-174350E1B118}.Release|Any CPU.ActiveCfg = Release|Any CPU
		{56DC85FB-83C1-43B9-AB42-174350E1B118}.Release|Any CPU.Build.0 = Release|Any CPU
	EndGlobalSection
	GlobalSection(SolutionProperties) = preSolution
		HideSolutionNode = FALSE
	EndGlobalSection
	GlobalSection(ExtensibilityGlobals) = postSolution
		SolutionGuid = {7C7406B6-7AF6-4555-A190-95C736C99F4B}
	EndGlobalSection
EndGlobal
